
Microsoft Visual Studio Solution File, Format Version 12.00
# Visual Studio Version 16
VisualStudioVersion = 16.0.29721.120
MinimumVisualStudioVersion = 10.0.40219.1
Project("{FAE04EC0-301F-11D3-BF4B-00C04F79EFBC}") = "TripsAndTravels.Common", "TripsAndTravels.Common\TripsAndTravels.Common.csproj", "{AEB692D6-1797-4E3C-AE37-4D9409F4750D}"
EndProject
Project("{FAE04EC0-301F-11D3-BF4B-00C04F79EFBC}") = "TripsAndTravels.Web", "TripsAndTravels.Web\TripsAndTravels.Web.csproj", "{AC93BD0F-D162-43E3-B83B-31475A5310B0}"
EndProject
Project("{FAE04EC0-301F-11D3-BF4B-00C04F79EFBC}") = "TripsAndTravels.Prism", "TripsAndTravels.Prism\TripsAndTravels.Prism\TripsAndTravels.Prism.csproj", "{2D0FC938-1423-4311-9912-E5A201D949FC}"
EndProject
Project("{FAE04EC0-301F-11D3-BF4B-00C04F79EFBC}") = "TripsAndTravels.Prism.Android", "TripsAndTravels.Prism\TripsAndTravels.Prism.Android\TripsAndTravels.Prism.Android.csproj", "{142AA00C-5234-474A-997C-4BFA9D67FFA6}"
EndProject
Project("{FAE04EC0-301F-11D3-BF4B-00C04F79EFBC}") = "TripsAndTravelsCross.Android", "TripsAndTravelsCross.Android\TripsAndTravelsCross.Android.csproj", "{7B89DAD2-87D0-4B9B-8220-FE9CE3ADA80E}"
EndProject
Global
	GlobalSection(SolutionConfigurationPlatforms) = preSolution
		Ad-Hoc|Any CPU = Ad-Hoc|Any CPU
		Ad-Hoc|iPhone = Ad-Hoc|iPhone
		Ad-Hoc|iPhoneSimulator = Ad-Hoc|iPhoneSimulator
		AppStore|Any CPU = AppStore|Any CPU
		AppStore|iPhone = AppStore|iPhone
		AppStore|iPhoneSimulator = AppStore|iPhoneSimulator
		Debug|Any CPU = Debug|Any CPU
		Debug|iPhone = Debug|iPhone
		Debug|iPhoneSimulator = Debug|iPhoneSimulator
		Release|Any CPU = Release|Any CPU
		Release|iPhone = Release|iPhone
		Release|iPhoneSimulator = Release|iPhoneSimulator
	EndGlobalSection
	GlobalSection(ProjectConfigurationPlatforms) = postSolution
		{AEB692D6-1797-4E3C-AE37-4D9409F4750D}.Ad-Hoc|Any CPU.ActiveCfg = Debug|Any CPU
		{AEB692D6-1797-4E3C-AE37-4D9409F4750D}.Ad-Hoc|Any CPU.Build.0 = Debug|Any CPU
		{AEB692D6-1797-4E3C-AE37-4D9409F4750D}.Ad-Hoc|iPhone.ActiveCfg = Debug|Any CPU
		{AEB692D6-1797-4E3C-AE37-4D9409F4750D}.Ad-Hoc|iPhone.Build.0 = Debug|Any CPU
		{AEB692D6-1797-4E3C-AE37-4D9409F4750D}.Ad-Hoc|iPhoneSimulator.ActiveCfg = Debug|Any CPU
		{AEB692D6-1797-4E3C-AE37-4D9409F4750D}.Ad-Hoc|iPhoneSimulator.Build.0 = Debug|Any CPU
		{AEB692D6-1797-4E3C-AE37-4D9409F4750D}.AppStore|Any CPU.ActiveCfg = Debug|Any CPU
		{AEB692D6-1797-4E3C-AE37-4D9409F4750D}.AppStore|Any CPU.Build.0 = Debug|Any CPU
		{AEB692D6-1797-4E3C-AE37-4D9409F4750D}.AppStore|iPhone.ActiveCfg = Debug|Any CPU
		{AEB692D6-1797-4E3C-AE37-4D9409F4750D}.AppStore|iPhone.Build.0 = Debug|Any CPU
		{AEB692D6-1797-4E3C-AE37-4D9409F4750D}.AppStore|iPhoneSimulator.ActiveCfg = Debug|Any CPU
		{AEB692D6-1797-4E3C-AE37-4D9409F4750D}.AppStore|iPhoneSimulator.Build.0 = Debug|Any CPU
		{AEB692D6-1797-4E3C-AE37-4D9409F4750D}.Debug|Any CPU.ActiveCfg = Debug|Any CPU
		{AEB692D6-1797-4E3C-AE37-4D9409F4750D}.Debug|Any CPU.Build.0 = Debug|Any CPU
		{AEB692D6-1797-4E3C-AE37-4D9409F4750D}.Debug|iPhone.ActiveCfg = Debug|Any CPU
		{AEB692D6-1797-4E3C-AE37-4D9409F4750D}.Debug|iPhone.Build.0 = Debug|Any CPU
		{AEB692D6-1797-4E3C-AE37-4D9409F4750D}.Debug|iPhoneSimulator.ActiveCfg = Debug|Any CPU
		{AEB692D6-1797-4E3C-AE37-4D9409F4750D}.Debug|iPhoneSimulator.Build.0 = Debug|Any CPU
		{AEB692D6-1797-4E3C-AE37-4D9409F4750D}.Release|Any CPU.ActiveCfg = Release|Any CPU
		{AEB692D6-1797-4E3C-AE37-4D9409F4750D}.Release|Any CPU.Build.0 = Release|Any CPU
		{AEB692D6-1797-4E3C-AE37-4D9409F4750D}.Release|iPhone.ActiveCfg = Release|Any CPU
		{AEB692D6-1797-4E3C-AE37-4D9409F4750D}.Release|iPhone.Build.0 = Release|Any CPU
		{AEB692D6-1797-4E3C-AE37-4D9409F4750D}.Release|iPhoneSimulator.ActiveCfg = Release|Any CPU
		{AEB692D6-1797-4E3C-AE37-4D9409F4750D}.Release|iPhoneSimulator.Build.0 = Release|Any CPU
		{AC93BD0F-D162-43E3-B83B-31475A5310B0}.Ad-Hoc|Any CPU.ActiveCfg = Debug|Any CPU
		{AC93BD0F-D162-43E3-B83B-31475A5310B0}.Ad-Hoc|Any CPU.Build.0 = Debug|Any CPU
		{AC93BD0F-D162-43E3-B83B-31475A5310B0}.Ad-Hoc|iPhone.ActiveCfg = Debug|Any CPU
		{AC93BD0F-D162-43E3-B83B-31475A5310B0}.Ad-Hoc|iPhone.Build.0 = Debug|Any CPU
		{AC93BD0F-D162-43E3-B83B-31475A5310B0}.Ad-Hoc|iPhoneSimulator.ActiveCfg = Debug|Any CPU
		{AC93BD0F-D162-43E3-B83B-31475A5310B0}.Ad-Hoc|iPhoneSimulator.Build.0 = Debug|Any CPU
		{AC93BD0F-D162-43E3-B83B-31475A5310B0}.AppStore|Any CPU.ActiveCfg = Debug|Any CPU
		{AC93BD0F-D162-43E3-B83B-31475A5310B0}.AppStore|Any CPU.Build.0 = Debug|Any CPU
		{AC93BD0F-D162-43E3-B83B-31475A5310B0}.AppStore|iPhone.ActiveCfg = Debug|Any CPU
		{AC93BD0F-D162-43E3-B83B-31475A5310B0}.AppStore|iPhone.Build.0 = Debug|Any CPU
		{AC93BD0F-D162-43E3-B83B-31475A5310B0}.AppStore|iPhoneSimulator.ActiveCfg = Debug|Any CPU
		{AC93BD0F-D162-43E3-B83B-31475A5310B0}.AppStore|iPhoneSimulator.Build.0 = Debug|Any CPU
		{AC93BD0F-D162-43E3-B83B-31475A5310B0}.Debug|Any CPU.ActiveCfg = Debug|Any CPU
		{AC93BD0F-D162-43E3-B83B-31475A5310B0}.Debug|Any CPU.Build.0 = Debug|Any CPU
		{AC93BD0F-D162-43E3-B83B-31475A5310B0}.Debug|iPhone.ActiveCfg = Debug|Any CPU
		{AC93BD0F-D162-43E3-B83B-31475A5310B0}.Debug|iPhone.Build.0 = Debug|Any CPU
		{AC93BD0F-D162-43E3-B83B-31475A5310B0}.Debug|iPhoneSimulator.ActiveCfg = Debug|Any CPU
		{AC93BD0F-D162-43E3-B83B-31475A5310B0}.Debug|iPhoneSimulator.Build.0 = Debug|Any CPU
		{AC93BD0F-D162-43E3-B83B-31475A5310B0}.Release|Any CPU.ActiveCfg = Release|Any CPU
		{AC93BD0F-D162-43E3-B83B-31475A5310B0}.Release|Any CPU.Build.0 = Release|Any CPU
		{AC93BD0F-D162-43E3-B83B-31475A5310B0}.Release|iPhone.ActiveCfg = Release|Any CPU
		{AC93BD0F-D162-43E3-B83B-31475A5310B0}.Release|iPhone.Build.0 = Release|Any CPU
		{AC93BD0F-D162-43E3-B83B-31475A5310B0}.Release|iPhoneSimulator.ActiveCfg = Release|Any CPU
		{AC93BD0F-D162-43E3-B83B-31475A5310B0}.Release|iPhoneSimulator.Build.0 = Release|Any CPU
		{2D0FC938-1423-4311-9912-E5A201D949FC}.Ad-Hoc|Any CPU.ActiveCfg = Debug|Any CPU
		{2D0FC938-1423-4311-9912-E5A201D949FC}.Ad-Hoc|Any CPU.Build.0 = Debug|Any CPU
		{2D0FC938-1423-4311-9912-E5A201D949FC}.Ad-Hoc|iPhone.ActiveCfg = Debug|Any CPU
		{2D0FC938-1423-4311-9912-E5A201D949FC}.Ad-Hoc|iPhone.Build.0 = Debug|Any CPU
		{2D0FC938-1423-4311-9912-E5A201D949FC}.Ad-Hoc|iPhoneSimulator.ActiveCfg = Debug|Any CPU
		{2D0FC938-1423-4311-9912-E5A201D949FC}.Ad-Hoc|iPhoneSimulator.Build.0 = Debug|Any CPU
		{2D0FC938-1423-4311-9912-E5A201D949FC}.AppStore|Any CPU.ActiveCfg = Debug|Any CPU
		{2D0FC938-1423-4311-9912-E5A201D949FC}.AppStore|Any CPU.Build.0 = Debug|Any CPU
		{2D0FC938-1423-4311-9912-E5A201D949FC}.AppStore|iPhone.ActiveCfg = Debug|Any CPU
		{2D0FC938-1423-4311-9912-E5A201D949FC}.AppStore|iPhone.Build.0 = Debug|Any CPU
		{2D0FC938-1423-4311-9912-E5A201D949FC}.AppStore|iPhoneSimulator.ActiveCfg = Debug|Any CPU
		{2D0FC938-1423-4311-9912-E5A201D949FC}.AppStore|iPhoneSimulator.Build.0 = Debug|Any CPU
		{2D0FC938-1423-4311-9912-E5A201D949FC}.Debug|Any CPU.ActiveCfg = Debug|Any CPU
		{2D0FC938-1423-4311-9912-E5A201D949FC}.Debug|Any CPU.Build.0 = Debug|Any CPU
		{2D0FC938-1423-4311-9912-E5A201D949FC}.Debug|iPhone.ActiveCfg = Debug|Any CPU
		{2D0FC938-1423-4311-9912-E5A201D949FC}.Debug|iPhone.Build.0 = Debug|Any CPU
		{2D0FC938-1423-4311-9912-E5A201D949FC}.Debug|iPhoneSimulator.ActiveCfg = Debug|Any CPU
		{2D0FC938-1423-4311-9912-E5A201D949FC}.Debug|iPhoneSimulator.Build.0 = Debug|Any CPU
		{2D0FC938-1423-4311-9912-E5A201D949FC}.Release|Any CPU.ActiveCfg = Release|Any CPU
		{2D0FC938-1423-4311-9912-E5A201D949FC}.Release|Any CPU.Build.0 = Release|Any CPU
		{2D0FC938-1423-4311-9912-E5A201D949FC}.Release|iPhone.ActiveCfg = Release|Any CPU
		{2D0FC938-1423-4311-9912-E5A201D949FC}.Release|iPhone.Build.0 = Release|Any CPU
		{2D0FC938-1423-4311-9912-E5A201D949FC}.Release|iPhoneSimulator.ActiveCfg = Release|Any CPU
		{2D0FC938-1423-4311-9912-E5A201D949FC}.Release|iPhoneSimulator.Build.0 = Release|Any CPU
		{142AA00C-5234-474A-997C-4BFA9D67FFA6}.Ad-Hoc|Any CPU.ActiveCfg = Release|Any CPU
		{142AA00C-5234-474A-997C-4BFA9D67FFA6}.Ad-Hoc|Any CPU.Build.0 = Release|Any CPU
		{142AA00C-5234-474A-997C-4BFA9D67FFA6}.Ad-Hoc|Any CPU.Deploy.0 = Release|Any CPU
		{142AA00C-5234-474A-997C-4BFA9D67FFA6}.Ad-Hoc|iPhone.ActiveCfg = Release|Any CPU
		{142AA00C-5234-474A-997C-4BFA9D67FFA6}.Ad-Hoc|iPhone.Build.0 = Release|Any CPU
		{142AA00C-5234-474A-997C-4BFA9D67FFA6}.Ad-Hoc|iPhone.Deploy.0 = Release|Any CPU
		{142AA00C-5234-474A-997C-4BFA9D67FFA6}.Ad-Hoc|iPhoneSimulator.ActiveCfg = Release|Any CPU
		{142AA00C-5234-474A-997C-4BFA9D67FFA6}.Ad-Hoc|iPhoneSimulator.Build.0 = Release|Any CPU
		{142AA00C-5234-474A-997C-4BFA9D67FFA6}.Ad-Hoc|iPhoneSimulator.Deploy.0 = Release|Any CPU
		{142AA00C-5234-474A-997C-4BFA9D67FFA6}.AppStore|Any CPU.ActiveCfg = Release|Any CPU
		{142AA00C-5234-474A-997C-4BFA9D67FFA6}.AppStore|Any CPU.Build.0 = Release|Any CPU
		{142AA00C-5234-474A-997C-4BFA9D67FFA6}.AppStore|Any CPU.Deploy.0 = Release|Any CPU
		{142AA00C-5234-474A-997C-4BFA9D67FFA6}.AppStore|iPhone.ActiveCfg = Release|Any CPU
		{142AA00C-5234-474A-997C-4BFA9D67FFA6}.AppStore|iPhone.Build.0 = Release|Any CPU
		{142AA00C-5234-474A-997C-4BFA9D67FFA6}.AppStore|iPhone.Deploy.0 = Release|Any CPU
		{142AA00C-5234-474A-997C-4BFA9D67FFA6}.AppStore|iPhoneSimulator.ActiveCfg = Release|Any CPU
		{142AA00C-5234-474A-997C-4BFA9D67FFA6}.AppStore|iPhoneSimulator.Build.0 = Release|Any CPU
		{142AA00C-5234-474A-997C-4BFA9D67FFA6}.AppStore|iPhoneSimulator.Deploy.0 = Release|Any CPU
		{142AA00C-5234-474A-997C-4BFA9D67FFA6}.Debug|Any CPU.ActiveCfg = Debug|Any CPU
		{142AA00C-5234-474A-997C-4BFA9D67FFA6}.Debug|Any CPU.Build.0 = Debug|Any CPU
		{142AA00C-5234-474A-997C-4BFA9D67FFA6}.Debug|Any CPU.Deploy.0 = Debug|Any CPU
		{142AA00C-5234-474A-997C-4BFA9D67FFA6}.Debug|iPhone.ActiveCfg = Debug|Any CPU
		{142AA00C-5234-474A-997C-4BFA9D67FFA6}.Debug|iPhone.Build.0 = Debug|Any CPU
		{142AA00C-5234-474A-997C-4BFA9D67FFA6}.Debug|iPhone.Deploy.0 = Debug|Any CPU
		{142AA00C-5234-474A-997C-4BFA9D67FFA6}.Debug|iPhoneSimulator.ActiveCfg = Debug|Any CPU
		{142AA00C-5234-474A-997C-4BFA9D67FFA6}.Debug|iPhoneSimulator.Build.0 = Debug|Any CPU
		{142AA00C-5234-474A-997C-4BFA9D67FFA6}.Debug|iPhoneSimulator.Deploy.0 = Debug|Any CPU
		{142AA00C-5234-474A-997C-4BFA9D67FFA6}.Release|Any CPU.ActiveCfg = Release|Any CPU
		{142AA00C-5234-474A-997C-4BFA9D67FFA6}.Release|Any CPU.Build.0 = Release|Any CPU
		{142AA00C-5234-474A-997C-4BFA9D67FFA6}.Release|Any CPU.Deploy.0 = Release|Any CPU
		{142AA00C-5234-474A-997C-4BFA9D67FFA6}.Release|iPhone.ActiveCfg = Release|Any CPU
		{142AA00C-5234-474A-997C-4BFA9D67FFA6}.Release|iPhone.Build.0 = Release|Any CPU
		{142AA00C-5234-474A-997C-4BFA9D67FFA6}.Release|iPhone.Deploy.0 = Release|Any CPU
		{142AA00C-5234-474A-997C-4BFA9D67FFA6}.Release|iPhoneSimulator.ActiveCfg = Release|Any CPU
		{142AA00C-5234-474A-997C-4BFA9D67FFA6}.Release|iPhoneSimulator.Build.0 = Release|Any CPU
		{142AA00C-5234-474A-997C-4BFA9D67FFA6}.Release|iPhoneSimulator.Deploy.0 = Release|Any CPU
		{7B89DAD2-87D0-4B9B-8220-FE9CE3ADA80E}.Ad-Hoc|Any CPU.ActiveCfg = Release|Any CPU
		{7B89DAD2-87D0-4B9B-8220-FE9CE3ADA80E}.Ad-Hoc|Any CPU.Build.0 = Release|Any CPU
		{7B89DAD2-87D0-4B9B-8220-FE9CE3ADA80E}.Ad-Hoc|Any CPU.Deploy.0 = Release|Any CPU
		{7B89DAD2-87D0-4B9B-8220-FE9CE3ADA80E}.Ad-Hoc|iPhone.ActiveCfg = Release|Any CPU
		{7B89DAD2-87D0-4B9B-8220-FE9CE3ADA80E}.Ad-Hoc|iPhone.Build.0 = Release|Any CPU
		{7B89DAD2-87D0-4B9B-8220-FE9CE3ADA80E}.Ad-Hoc|iPhone.Deploy.0 = Release|Any CPU
		{7B89DAD2-87D0-4B9B-8220-FE9CE3ADA80E}.Ad-Hoc|iPhoneSimulator.ActiveCfg = Release|Any CPU
		{7B89DAD2-87D0-4B9B-8220-FE9CE3ADA80E}.Ad-Hoc|iPhoneSimulator.Build.0 = Release|Any CPU
		{7B89DAD2-87D0-4B9B-8220-FE9CE3ADA80E}.Ad-Hoc|iPhoneSimulator.Deploy.0 = Release|Any CPU
		{7B89DAD2-87D0-4B9B-8220-FE9CE3ADA80E}.AppStore|Any CPU.ActiveCfg = Release|Any CPU
		{7B89DAD2-87D0-4B9B-8220-FE9CE3ADA80E}.AppStore|Any CPU.Build.0 = Release|Any CPU
		{7B89DAD2-87D0-4B9B-8220-FE9CE3ADA80E}.AppStore|Any CPU.Deploy.0 = Release|Any CPU
		{7B89DAD2-87D0-4B9B-8220-FE9CE3ADA80E}.AppStore|iPhone.ActiveCfg = Release|Any CPU
		{7B89DAD2-87D0-4B9B-8220-FE9CE3ADA80E}.AppStore|iPhone.Build.0 = Release|Any CPU
		{7B89DAD2-87D0-4B9B-8220-FE9CE3ADA80E}.AppStore|iPhone.Deploy.0 = Release|Any CPU
		{7B89DAD2-87D0-4B9B-8220-FE9CE3ADA80E}.AppStore|iPhoneSimulator.ActiveCfg = Release|Any CPU
		{7B89DAD2-87D0-4B9B-8220-FE9CE3ADA80E}.AppStore|iPhoneSimulator.Build.0 = Release|Any CPU
		{7B89DAD2-87D0-4B9B-8220-FE9CE3ADA80E}.AppStore|iPhoneSimulator.Deploy.0 = Release|Any CPU
		{7B89DAD2-87D0-4B9B-8220-FE9CE3ADA80E}.Debug|Any CPU.ActiveCfg = Debug|Any CPU
		{7B89DAD2-87D0-4B9B-8220-FE9CE3ADA80E}.Debug|Any CPU.Build.0 = Debug|Any CPU
		{7B89DAD2-87D0-4B9B-8220-FE9CE3ADA80E}.Debug|Any CPU.Deploy.0 = Debug|Any CPU
		{7B89DAD2-87D0-4B9B-8220-FE9CE3ADA80E}.Debug|iPhone.ActiveCfg = Debug|Any CPU
		{7B89DAD2-87D0-4B9B-8220-FE9CE3ADA80E}.Debug|iPhone.Build.0 = Debug|Any CPU
		{7B89DAD2-87D0-4B9B-8220-FE9CE3ADA80E}.Debug|iPhone.Deploy.0 = Debug|Any CPU
		{7B89DAD2-87D0-4B9B-8220-FE9CE3ADA80E}.Debug|iPhoneSimulator.ActiveCfg = Debug|Any CPU
		{7B89DAD2-87D0-4B9B-8220-FE9CE3ADA80E}.Debug|iPhoneSimulator.Build.0 = Debug|Any CPU
		{7B89DAD2-87D0-4B9B-8220-FE9CE3ADA80E}.Debug|iPhoneSimulator.Deploy.0 = Debug|Any CPU
		{7B89DAD2-87D0-4B9B-8220-FE9CE3ADA80E}.Release|Any CPU.ActiveCfg = Release|Any CPU
		{7B89DAD2-87D0-4B9B-8220-FE9CE3ADA80E}.Release|Any CPU.Build.0 = Release|Any CPU
		{7B89DAD2-87D0-4B9B-8220-FE9CE3ADA80E}.Release|Any CPU.Deploy.0 = Release|Any CPU
		{7B89DAD2-87D0-4B9B-8220-FE9CE3ADA80E}.Release|iPhone.ActiveCfg = Release|Any CPU
		{7B89DAD2-87D0-4B9B-8220-FE9CE3ADA80E}.Release|iPhone.Build.0 = Release|Any CPU
		{7B89DAD2-87D0-4B9B-8220-FE9CE3ADA80E}.Release|iPhone.Deploy.0 = Release|Any CPU
		{7B89DAD2-87D0-4B9B-8220-FE9CE3ADA80E}.Release|iPhoneSimulator.ActiveCfg = Release|Any CPU
		{7B89DAD2-87D0-4B9B-8220-FE9CE3ADA80E}.Release|iPhoneSimulator.Build.0 = Release|Any CPU
		{7B89DAD2-87D0-4B9B-8220-FE9CE3ADA80E}.Release|iPhoneSimulator.Deploy.0 = Release|Any CPU
	EndGlobalSection
	GlobalSection(SolutionProperties) = preSolution
		HideSolutionNode = FALSE
	EndGlobalSection
	GlobalSection(ExtensibilityGlobals) = postSolution
		SolutionGuid = {3FA73CB4-4F47-440D-B558-8B6E3062A472}
	EndGlobalSection
EndGlobal
